// !$*UTF8*$!
{
	archiveVersion = 1;
	classes = {
	};
	objectVersion = 56;
	objects = {

/* Begin PBXBuildFile section */
		BC1D21562BE94AB600D0DD1B /* Step.swift in Sources */ = {isa = PBXBuildFile; fileRef = BC1D21552BE94AB600D0DD1B /* Step.swift */; };
		BC1D21582BE9520600D0DD1B /* FirstInstallAction.swift in Sources */ = {isa = PBXBuildFile; fileRef = BC1D21572BE9520600D0DD1B /* FirstInstallAction.swift */; };
		BC1D215A2BEA147400D0DD1B /* Author.swift in Sources */ = {isa = PBXBuildFile; fileRef = BC1D21592BEA147400D0DD1B /* Author.swift */; };
		BC1D215C2BEA1D1200D0DD1B /* TimeFormatHelper.swift in Sources */ = {isa = PBXBuildFile; fileRef = BC1D215B2BEA1D1200D0DD1B /* TimeFormatHelper.swift */; };
		BC2E5F162BEA316100B5FA4D /* AverageColorView.swift in Sources */ = {isa = PBXBuildFile; fileRef = BC2E5F152BEA316100B5FA4D /* AverageColorView.swift */; };
		BC2E5F182BEA36BB00B5FA4D /* MeasurementView.swift in Sources */ = {isa = PBXBuildFile; fileRef = BC2E5F172BEA36BB00B5FA4D /* MeasurementView.swift */; };
		BC6D84762BE7720D00C103E9 /* TokhandApp.swift in Sources */ = {isa = PBXBuildFile; fileRef = BC6D84752BE7720D00C103E9 /* TokhandApp.swift */; };
		BC6D84782BE7720D00C103E9 /* ContentView.swift in Sources */ = {isa = PBXBuildFile; fileRef = BC6D84772BE7720D00C103E9 /* ContentView.swift */; };
		BC6D847A2BE7720D00C103E9 /* Item.swift in Sources */ = {isa = PBXBuildFile; fileRef = BC6D84792BE7720D00C103E9 /* Item.swift */; };
		BC6D847C2BE7720F00C103E9 /* Assets.xcassets in Resources */ = {isa = PBXBuildFile; fileRef = BC6D847B2BE7720F00C103E9 /* Assets.xcassets */; };
		BC6D847F2BE7720F00C103E9 /* Preview Assets.xcassets in Resources */ = {isa = PBXBuildFile; fileRef = BC6D847E2BE7720F00C103E9 /* Preview Assets.xcassets */; };
		BC6D84A22BE7732600C103E9 /* TimerView.swift in Sources */ = {isa = PBXBuildFile; fileRef = BC6D84A12BE7732600C103E9 /* TimerView.swift */; };
		BC6D84A62BE776B100C103E9 /* TimerReducer.swift in Sources */ = {isa = PBXBuildFile; fileRef = BC6D84A52BE776B100C103E9 /* TimerReducer.swift */; };
		BC83D0092BE7FF3500B2DB6F /* SoundHelper.swift in Sources */ = {isa = PBXBuildFile; fileRef = BC83D0082BE7FF3500B2DB6F /* SoundHelper.swift */; };
		BC83D00C2BE8894D00B2DB6F /* WaveView.swift in Sources */ = {isa = PBXBuildFile; fileRef = BC83D00B2BE8894D00B2DB6F /* WaveView.swift */; };
		BC83D0102BE88CBC00B2DB6F /* RecipeView.swift in Sources */ = {isa = PBXBuildFile; fileRef = BC83D00F2BE88CBC00B2DB6F /* RecipeView.swift */; };
		BC83D0132BE88FC800B2DB6F /* Recipe.swift in Sources */ = {isa = PBXBuildFile; fileRef = BC83D0122BE88FC800B2DB6F /* Recipe.swift */; };
		BC83D0162BE893CD00B2DB6F /* StackCoordinator in Frameworks */ = {isa = PBXBuildFile; productRef = BC83D0152BE893CD00B2DB6F /* StackCoordinator */; };
		BC83D0182BE8941200B2DB6F /* TimerBuilder.swift in Sources */ = {isa = PBXBuildFile; fileRef = BC83D0172BE8941200B2DB6F /* TimerBuilder.swift */; };
		BC83D01A2BE8942600B2DB6F /* TimerLink.swift in Sources */ = {isa = PBXBuildFile; fileRef = BC83D0192BE8942600B2DB6F /* TimerLink.swift */; };
		BC83D01C2BE8AE5700B2DB6F /* RecipeAddView.swift in Sources */ = {isa = PBXBuildFile; fileRef = BC83D01B2BE8AE5700B2DB6F /* RecipeAddView.swift */; };
		BC83D0232BE8AE9600B2DB6F /* RecipeLink.swift in Sources */ = {isa = PBXBuildFile; fileRef = BC83D0222BE8AE9600B2DB6F /* RecipeLink.swift */; };
		BC83D0252BE8AE9F00B2DB6F /* RecipeBuilder.swift in Sources */ = {isa = PBXBuildFile; fileRef = BC83D0242BE8AE9F00B2DB6F /* RecipeBuilder.swift */; };
		BC83D0282BE8B07B00B2DB6F /* RecipeRowView.swift in Sources */ = {isa = PBXBuildFile; fileRef = BC83D0272BE8B07B00B2DB6F /* RecipeRowView.swift */; };
		BC83D02B2BE8C5B500B2DB6F /* BackButton+Extension.swift in Sources */ = {isa = PBXBuildFile; fileRef = BC83D02A2BE8C5B500B2DB6F /* BackButton+Extension.swift */; };
		BC83D02F2BE8F87000B2DB6F /* Keyboard+Extension.swift in Sources */ = {isa = PBXBuildFile; fileRef = BC83D02E2BE8F87000B2DB6F /* Keyboard+Extension.swift */; };
		BC84DBD32BE789DE00374D69 /* ComposableArchitecture in Frameworks */ = {isa = PBXBuildFile; productRef = BC84DBD22BE789DE00374D69 /* ComposableArchitecture */; };
		BCD52D012BE9301700059E67 /* RecipeTitleView.swift in Sources */ = {isa = PBXBuildFile; fileRef = BCD52D002BE9301700059E67 /* RecipeTitleView.swift */; };
		BCD52D032BE9312300059E67 /* UserDefaultConstant.swift in Sources */ = {isa = PBXBuildFile; fileRef = BCD52D022BE9312300059E67 /* UserDefaultConstant.swift */; };
		BCE436CD2BEA938A0029A463 /* SettingView.swift in Sources */ = {isa = PBXBuildFile; fileRef = BCE436CC2BEA938A0029A463 /* SettingView.swift */; };
/* End PBXBuildFile section */

/* Begin PBXFileReference section */
		BC1D21552BE94AB600D0DD1B /* Step.swift */ = {isa = PBXFileReference; lastKnownFileType = sourcecode.swift; path = Step.swift; sourceTree = "<group>"; };
		BC1D21572BE9520600D0DD1B /* FirstInstallAction.swift */ = {isa = PBXFileReference; lastKnownFileType = sourcecode.swift; path = FirstInstallAction.swift; sourceTree = "<group>"; };
		BC1D21592BEA147400D0DD1B /* Author.swift */ = {isa = PBXFileReference; lastKnownFileType = sourcecode.swift; path = Author.swift; sourceTree = "<group>"; };
		BC1D215B2BEA1D1200D0DD1B /* TimeFormatHelper.swift */ = {isa = PBXFileReference; lastKnownFileType = sourcecode.swift; path = TimeFormatHelper.swift; sourceTree = "<group>"; };
		BC2E5F152BEA316100B5FA4D /* AverageColorView.swift */ = {isa = PBXFileReference; lastKnownFileType = sourcecode.swift; path = AverageColorView.swift; sourceTree = "<group>"; };
		BC2E5F172BEA36BB00B5FA4D /* MeasurementView.swift */ = {isa = PBXFileReference; lastKnownFileType = sourcecode.swift; path = MeasurementView.swift; sourceTree = "<group>"; };
		BC6D84722BE7720D00C103E9 /* Tokhand.app */ = {isa = PBXFileReference; explicitFileType = wrapper.application; includeInIndex = 0; path = Tokhand.app; sourceTree = BUILT_PRODUCTS_DIR; };
		BC6D84752BE7720D00C103E9 /* TokhandApp.swift */ = {isa = PBXFileReference; lastKnownFileType = sourcecode.swift; path = TokhandApp.swift; sourceTree = "<group>"; };
		BC6D84772BE7720D00C103E9 /* ContentView.swift */ = {isa = PBXFileReference; lastKnownFileType = sourcecode.swift; path = ContentView.swift; sourceTree = "<group>"; };
		BC6D84792BE7720D00C103E9 /* Item.swift */ = {isa = PBXFileReference; lastKnownFileType = sourcecode.swift; path = Item.swift; sourceTree = "<group>"; };
		BC6D847B2BE7720F00C103E9 /* Assets.xcassets */ = {isa = PBXFileReference; lastKnownFileType = folder.assetcatalog; path = Assets.xcassets; sourceTree = "<group>"; };
		BC6D847E2BE7720F00C103E9 /* Preview Assets.xcassets */ = {isa = PBXFileReference; lastKnownFileType = folder.assetcatalog; path = "Preview Assets.xcassets"; sourceTree = "<group>"; };
		BC6D84A12BE7732600C103E9 /* TimerView.swift */ = {isa = PBXFileReference; lastKnownFileType = sourcecode.swift; path = TimerView.swift; sourceTree = "<group>"; };
		BC6D84A52BE776B100C103E9 /* TimerReducer.swift */ = {isa = PBXFileReference; lastKnownFileType = sourcecode.swift; path = TimerReducer.swift; sourceTree = "<group>"; };
		BC83D0082BE7FF3500B2DB6F /* SoundHelper.swift */ = {isa = PBXFileReference; lastKnownFileType = sourcecode.swift; path = SoundHelper.swift; sourceTree = "<group>"; };
		BC83D00B2BE8894D00B2DB6F /* WaveView.swift */ = {isa = PBXFileReference; lastKnownFileType = sourcecode.swift; path = WaveView.swift; sourceTree = "<group>"; };
		BC83D00F2BE88CBC00B2DB6F /* RecipeView.swift */ = {isa = PBXFileReference; lastKnownFileType = sourcecode.swift; path = RecipeView.swift; sourceTree = "<group>"; };
		BC83D0122BE88FC800B2DB6F /* Recipe.swift */ = {isa = PBXFileReference; lastKnownFileType = sourcecode.swift; path = Recipe.swift; sourceTree = "<group>"; };
		BC83D0172BE8941200B2DB6F /* TimerBuilder.swift */ = {isa = PBXFileReference; lastKnownFileType = sourcecode.swift; path = TimerBuilder.swift; sourceTree = "<group>"; };
		BC83D0192BE8942600B2DB6F /* TimerLink.swift */ = {isa = PBXFileReference; lastKnownFileType = sourcecode.swift; path = TimerLink.swift; sourceTree = "<group>"; };
		BC83D01B2BE8AE5700B2DB6F /* RecipeAddView.swift */ = {isa = PBXFileReference; lastKnownFileType = sourcecode.swift; path = RecipeAddView.swift; sourceTree = "<group>"; };
		BC83D0222BE8AE9600B2DB6F /* RecipeLink.swift */ = {isa = PBXFileReference; lastKnownFileType = sourcecode.swift; path = RecipeLink.swift; sourceTree = "<group>"; };
		BC83D0242BE8AE9F00B2DB6F /* RecipeBuilder.swift */ = {isa = PBXFileReference; lastKnownFileType = sourcecode.swift; path = RecipeBuilder.swift; sourceTree = "<group>"; };
		BC83D0272BE8B07B00B2DB6F /* RecipeRowView.swift */ = {isa = PBXFileReference; lastKnownFileType = sourcecode.swift; path = RecipeRowView.swift; sourceTree = "<group>"; };
		BC83D02A2BE8C5B500B2DB6F /* BackButton+Extension.swift */ = {isa = PBXFileReference; lastKnownFileType = sourcecode.swift; path = "BackButton+Extension.swift"; sourceTree = "<group>"; };
		BC83D02E2BE8F87000B2DB6F /* Keyboard+Extension.swift */ = {isa = PBXFileReference; lastKnownFileType = sourcecode.swift; path = "Keyboard+Extension.swift"; sourceTree = "<group>"; };
		BCD52D002BE9301700059E67 /* RecipeTitleView.swift */ = {isa = PBXFileReference; lastKnownFileType = sourcecode.swift; path = RecipeTitleView.swift; sourceTree = "<group>"; };
		BCD52D022BE9312300059E67 /* UserDefaultConstant.swift */ = {isa = PBXFileReference; lastKnownFileType = sourcecode.swift; path = UserDefaultConstant.swift; sourceTree = "<group>"; };
		BCE436CC2BEA938A0029A463 /* SettingView.swift */ = {isa = PBXFileReference; lastKnownFileType = sourcecode.swift; path = SettingView.swift; sourceTree = "<group>"; };
/* End PBXFileReference section */

/* Begin PBXFrameworksBuildPhase section */
		BC6D846F2BE7720D00C103E9 /* Frameworks */ = {
			isa = PBXFrameworksBuildPhase;
			buildActionMask = 2147483647;
			files = (
				BC83D0162BE893CD00B2DB6F /* StackCoordinator in Frameworks */,
				BC84DBD32BE789DE00374D69 /* ComposableArchitecture in Frameworks */,
			);
			runOnlyForDeploymentPostprocessing = 0;
		};
/* End PBXFrameworksBuildPhase section */

/* Begin PBXGroup section */
		BC6D84692BE7720D00C103E9 = {
			isa = PBXGroup;
			children = (
				BC6D84742BE7720D00C103E9 /* Tokhand */,
				BC6D84732BE7720D00C103E9 /* Products */,
				BC84DBCF2BE789B000374D69 /* Frameworks */,
			);
			sourceTree = "<group>";
		};
		BC6D84732BE7720D00C103E9 /* Products */ = {
			isa = PBXGroup;
			children = (
				BC6D84722BE7720D00C103E9 /* Tokhand.app */,
			);
			name = Products;
			sourceTree = "<group>";
		};
		BC6D84742BE7720D00C103E9 /* Tokhand */ = {
			isa = PBXGroup;
			children = (
				BC83D0112BE88FBF00B2DB6F /* Data */,
				BC83D00D2BE88C9F00B2DB6F /* View */,
				BC83D0072BE7FF2900B2DB6F /* Helper */,
				BC6D84752BE7720D00C103E9 /* TokhandApp.swift */,
				BC6D84772BE7720D00C103E9 /* ContentView.swift */,
				BC6D84792BE7720D00C103E9 /* Item.swift */,
				BC6D847B2BE7720F00C103E9 /* Assets.xcassets */,
				BC6D847D2BE7720F00C103E9 /* Preview Content */,
			);
			path = Tokhand;
			sourceTree = "<group>";
		};
		BC6D847D2BE7720F00C103E9 /* Preview Content */ = {
			isa = PBXGroup;
			children = (
				BC6D847E2BE7720F00C103E9 /* Preview Assets.xcassets */,
			);
			path = "Preview Content";
			sourceTree = "<group>";
		};
		BC6D84A42BE7769D00C103E9 /* Timer */ = {
			isa = PBXGroup;
			children = (
				BC83D00A2BE8894000B2DB6F /* SubView */,
				BC6D84A12BE7732600C103E9 /* TimerView.swift */,
				BC6D84A52BE776B100C103E9 /* TimerReducer.swift */,
				BC83D0172BE8941200B2DB6F /* TimerBuilder.swift */,
				BC83D0192BE8942600B2DB6F /* TimerLink.swift */,
			);
			path = Timer;
			sourceTree = "<group>";
		};
		BC83D0072BE7FF2900B2DB6F /* Helper */ = {
			isa = PBXGroup;
			children = (
				BC83D0082BE7FF3500B2DB6F /* SoundHelper.swift */,
				BC1D215B2BEA1D1200D0DD1B /* TimeFormatHelper.swift */,
			);
			path = Helper;
			sourceTree = "<group>";
		};
		BC83D00A2BE8894000B2DB6F /* SubView */ = {
			isa = PBXGroup;
			children = (
				BC83D00B2BE8894D00B2DB6F /* WaveView.swift */,
				BC2E5F172BEA36BB00B5FA4D /* MeasurementView.swift */,
			);
			path = SubView;
			sourceTree = "<group>";
		};
		BC83D00D2BE88C9F00B2DB6F /* View */ = {
			isa = PBXGroup;
			children = (
				BC83D0292BE8C5A500B2DB6F /* Common */,
				BCE436CA2BEA935F0029A463 /* Setting */,
				BC83D01D2BE8AE5C00B2DB6F /* RecipeAdd */,
				BC83D00E2BE88CAE00B2DB6F /* Recipe */,
				BC6D84A42BE7769D00C103E9 /* Timer */,
			);
			path = View;
			sourceTree = "<group>";
		};
		BC83D00E2BE88CAE00B2DB6F /* Recipe */ = {
			isa = PBXGroup;
			children = (
				BC83D0262BE8B06F00B2DB6F /* SubView */,
				BC83D00F2BE88CBC00B2DB6F /* RecipeView.swift */,
				BC83D0222BE8AE9600B2DB6F /* RecipeLink.swift */,
				BC83D0242BE8AE9F00B2DB6F /* RecipeBuilder.swift */,
			);
			path = Recipe;
			sourceTree = "<group>";
		};
		BC83D0112BE88FBF00B2DB6F /* Data */ = {
			isa = PBXGroup;
			children = (
				BC83D0122BE88FC800B2DB6F /* Recipe.swift */,
				BCD52D022BE9312300059E67 /* UserDefaultConstant.swift */,
				BC1D21552BE94AB600D0DD1B /* Step.swift */,
				BC1D21572BE9520600D0DD1B /* FirstInstallAction.swift */,
				BC1D21592BEA147400D0DD1B /* Author.swift */,
			);
			path = Data;
			sourceTree = "<group>";
		};
		BC83D01D2BE8AE5C00B2DB6F /* RecipeAdd */ = {
			isa = PBXGroup;
			children = (
				BC83D01B2BE8AE5700B2DB6F /* RecipeAddView.swift */,
			);
			path = RecipeAdd;
			sourceTree = "<group>";
		};
		BC83D0262BE8B06F00B2DB6F /* SubView */ = {
			isa = PBXGroup;
			children = (
				BC83D0272BE8B07B00B2DB6F /* RecipeRowView.swift */,
				BCD52D002BE9301700059E67 /* RecipeTitleView.swift */,
			);
			path = SubView;
			sourceTree = "<group>";
		};
		BC83D0292BE8C5A500B2DB6F /* Common */ = {
			isa = PBXGroup;
			children = (
				BC83D02A2BE8C5B500B2DB6F /* BackButton+Extension.swift */,
				BC83D02E2BE8F87000B2DB6F /* Keyboard+Extension.swift */,
				BC2E5F152BEA316100B5FA4D /* AverageColorView.swift */,
			);
			path = Common;
			sourceTree = "<group>";
		};
		BC84DBCF2BE789B000374D69 /* Frameworks */ = {
			isa = PBXGroup;
			children = (
			);
			name = Frameworks;
			sourceTree = "<group>";
		};
		BCE436CA2BEA935F0029A463 /* Setting */ = {
			isa = PBXGroup;
			children = (
				BCE436CC2BEA938A0029A463 /* SettingView.swift */,
			);
			path = Setting;
			sourceTree = "<group>";
		};
/* End PBXGroup section */

/* Begin PBXNativeTarget section */
		BC6D84712BE7720D00C103E9 /* Tokhand */ = {
			isa = PBXNativeTarget;
			buildConfigurationList = BC6D84982BE7720F00C103E9 /* Build configuration list for PBXNativeTarget "Tokhand" */;
			buildPhases = (
				BC6D846E2BE7720D00C103E9 /* Sources */,
				BC6D846F2BE7720D00C103E9 /* Frameworks */,
				BC6D84702BE7720D00C103E9 /* Resources */,
			);
			buildRules = (
			);
			dependencies = (
			);
			name = Tokhand;
			packageProductDependencies = (
				BC84DBD22BE789DE00374D69 /* ComposableArchitecture */,
				BC83D0152BE893CD00B2DB6F /* StackCoordinator */,
			);
			productName = Tokhand;
			productReference = BC6D84722BE7720D00C103E9 /* Tokhand.app */;
			productType = "com.apple.product-type.application";
		};
/* End PBXNativeTarget section */

/* Begin PBXProject section */
		BC6D846A2BE7720D00C103E9 /* Project object */ = {
			isa = PBXProject;
			attributes = {
				BuildIndependentTargetsInParallel = 1;
				LastSwiftUpdateCheck = 1530;
				LastUpgradeCheck = 1530;
				TargetAttributes = {
					BC6D84712BE7720D00C103E9 = {
						CreatedOnToolsVersion = 15.3;
					};
				};
			};
			buildConfigurationList = BC6D846D2BE7720D00C103E9 /* Build configuration list for PBXProject "Tokhand" */;
			compatibilityVersion = "Xcode 14.0";
			developmentRegion = en;
			hasScannedForEncodings = 0;
			knownRegions = (
				en,
				Base,
			);
			mainGroup = BC6D84692BE7720D00C103E9;
			packageReferences = (
				BC6D84A32BE7769800C103E9 /* XCRemoteSwiftPackageReference "swift-composable-architecture" */,
				BC83D0142BE893CD00B2DB6F /* XCRemoteSwiftPackageReference "StackCoordinator" */,
			);
			productRefGroup = BC6D84732BE7720D00C103E9 /* Products */;
			projectDirPath = "";
			projectRoot = "";
			targets = (
				BC6D84712BE7720D00C103E9 /* Tokhand */,
			);
		};
/* End PBXProject section */

/* Begin PBXResourcesBuildPhase section */
		BC6D84702BE7720D00C103E9 /* Resources */ = {
			isa = PBXResourcesBuildPhase;
			buildActionMask = 2147483647;
			files = (
				BC6D847F2BE7720F00C103E9 /* Preview Assets.xcassets in Resources */,
				BC6D847C2BE7720F00C103E9 /* Assets.xcassets in Resources */,
			);
			runOnlyForDeploymentPostprocessing = 0;
		};
/* End PBXResourcesBuildPhase section */

/* Begin PBXSourcesBuildPhase section */
		BC6D846E2BE7720D00C103E9 /* Sources */ = {
			isa = PBXSourcesBuildPhase;
			buildActionMask = 2147483647;
			files = (
				BC83D0282BE8B07B00B2DB6F /* RecipeRowView.swift in Sources */,
				BC6D84A62BE776B100C103E9 /* TimerReducer.swift in Sources */,
				BC1D215C2BEA1D1200D0DD1B /* TimeFormatHelper.swift in Sources */,
				BC2E5F182BEA36BB00B5FA4D /* MeasurementView.swift in Sources */,
				BC83D0092BE7FF3500B2DB6F /* SoundHelper.swift in Sources */,
				BCD52D012BE9301700059E67 /* RecipeTitleView.swift in Sources */,
				BC83D00C2BE8894D00B2DB6F /* WaveView.swift in Sources */,
				BC83D0182BE8941200B2DB6F /* TimerBuilder.swift in Sources */,
				BC83D01A2BE8942600B2DB6F /* TimerLink.swift in Sources */,
				BC6D84782BE7720D00C103E9 /* ContentView.swift in Sources */,
				BC83D01C2BE8AE5700B2DB6F /* RecipeAddView.swift in Sources */,
				BC6D847A2BE7720D00C103E9 /* Item.swift in Sources */,
				BC83D0232BE8AE9600B2DB6F /* RecipeLink.swift in Sources */,
				BC83D02B2BE8C5B500B2DB6F /* BackButton+Extension.swift in Sources */,
				BC6D84A22BE7732600C103E9 /* TimerView.swift in Sources */,
				BC2E5F162BEA316100B5FA4D /* AverageColorView.swift in Sources */,
				BC83D0132BE88FC800B2DB6F /* Recipe.swift in Sources */,
				BC83D0102BE88CBC00B2DB6F /* RecipeView.swift in Sources */,
				BCD52D032BE9312300059E67 /* UserDefaultConstant.swift in Sources */,
				BC6D84762BE7720D00C103E9 /* TokhandApp.swift in Sources */,
				BC1D21582BE9520600D0DD1B /* FirstInstallAction.swift in Sources */,
				BCE436CD2BEA938A0029A463 /* SettingView.swift in Sources */,
				BC1D215A2BEA147400D0DD1B /* Author.swift in Sources */,
				BC1D21562BE94AB600D0DD1B /* Step.swift in Sources */,
				BC83D02F2BE8F87000B2DB6F /* Keyboard+Extension.swift in Sources */,
				BC83D0252BE8AE9F00B2DB6F /* RecipeBuilder.swift in Sources */,
			);
			runOnlyForDeploymentPostprocessing = 0;
		};
/* End PBXSourcesBuildPhase section */

/* Begin XCBuildConfiguration section */
		BC6D84962BE7720F00C103E9 /* Debug */ = {
			isa = XCBuildConfiguration;
			buildSettings = {
				ALWAYS_SEARCH_USER_PATHS = NO;
				ASSETCATALOG_COMPILER_GENERATE_SWIFT_ASSET_SYMBOL_EXTENSIONS = YES;
				CLANG_ANALYZER_NONNULL = YES;
				CLANG_ANALYZER_NUMBER_OBJECT_CONVERSION = YES_AGGRESSIVE;
				CLANG_CXX_LANGUAGE_STANDARD = "gnu++20";
				CLANG_ENABLE_MODULES = YES;
				CLANG_ENABLE_OBJC_ARC = YES;
				CLANG_ENABLE_OBJC_WEAK = YES;
				CLANG_WARN_BLOCK_CAPTURE_AUTORELEASING = YES;
				CLANG_WARN_BOOL_CONVERSION = YES;
				CLANG_WARN_COMMA = YES;
				CLANG_WARN_CONSTANT_CONVERSION = YES;
				CLANG_WARN_DEPRECATED_OBJC_IMPLEMENTATIONS = YES;
				CLANG_WARN_DIRECT_OBJC_ISA_USAGE = YES_ERROR;
				CLANG_WARN_DOCUMENTATION_COMMENTS = YES;
				CLANG_WARN_EMPTY_BODY = YES;
				CLANG_WARN_ENUM_CONVERSION = YES;
				CLANG_WARN_INFINITE_RECURSION = YES;
				CLANG_WARN_INT_CONVERSION = YES;
				CLANG_WARN_NON_LITERAL_NULL_CONVERSION = YES;
				CLANG_WARN_OBJC_IMPLICIT_RETAIN_SELF = YES;
				CLANG_WARN_OBJC_LITERAL_CONVERSION = YES;
				CLANG_WARN_OBJC_ROOT_CLASS = YES_ERROR;
				CLANG_WARN_QUOTED_INCLUDE_IN_FRAMEWORK_HEADER = YES;
				CLANG_WARN_RANGE_LOOP_ANALYSIS = YES;
				CLANG_WARN_STRICT_PROTOTYPES = YES;
				CLANG_WARN_SUSPICIOUS_MOVE = YES;
				CLANG_WARN_UNGUARDED_AVAILABILITY = YES_AGGRESSIVE;
				CLANG_WARN_UNREACHABLE_CODE = YES;
				CLANG_WARN__DUPLICATE_METHOD_MATCH = YES;
				COPY_PHASE_STRIP = NO;
				DEBUG_INFORMATION_FORMAT = dwarf;
				ENABLE_STRICT_OBJC_MSGSEND = YES;
				ENABLE_TESTABILITY = YES;
				ENABLE_USER_SCRIPT_SANDBOXING = YES;
				GCC_C_LANGUAGE_STANDARD = gnu17;
				GCC_DYNAMIC_NO_PIC = NO;
				GCC_NO_COMMON_BLOCKS = YES;
				GCC_OPTIMIZATION_LEVEL = 0;
				GCC_PREPROCESSOR_DEFINITIONS = (
					"DEBUG=1",
					"$(inherited)",
				);
				GCC_WARN_64_TO_32_BIT_CONVERSION = YES;
				GCC_WARN_ABOUT_RETURN_TYPE = YES_ERROR;
				GCC_WARN_UNDECLARED_SELECTOR = YES;
				GCC_WARN_UNINITIALIZED_AUTOS = YES_AGGRESSIVE;
				GCC_WARN_UNUSED_FUNCTION = YES;
				GCC_WARN_UNUSED_VARIABLE = YES;
				IPHONEOS_DEPLOYMENT_TARGET = 17.4;
				LOCALIZATION_PREFERS_STRING_CATALOGS = YES;
				MTL_ENABLE_DEBUG_INFO = INCLUDE_SOURCE;
				MTL_FAST_MATH = YES;
				ONLY_ACTIVE_ARCH = YES;
				SDKROOT = iphoneos;
				SWIFT_ACTIVE_COMPILATION_CONDITIONS = "DEBUG $(inherited)";
				SWIFT_OPTIMIZATION_LEVEL = "-Onone";
			};
			name = Debug;
		};
		BC6D84972BE7720F00C103E9 /* Release */ = {
			isa = XCBuildConfiguration;
			buildSettings = {
				ALWAYS_SEARCH_USER_PATHS = NO;
				ASSETCATALOG_COMPILER_GENERATE_SWIFT_ASSET_SYMBOL_EXTENSIONS = YES;
				CLANG_ANALYZER_NONNULL = YES;
				CLANG_ANALYZER_NUMBER_OBJECT_CONVERSION = YES_AGGRESSIVE;
				CLANG_CXX_LANGUAGE_STANDARD = "gnu++20";
				CLANG_ENABLE_MODULES = YES;
				CLANG_ENABLE_OBJC_ARC = YES;
				CLANG_ENABLE_OBJC_WEAK = YES;
				CLANG_WARN_BLOCK_CAPTURE_AUTORELEASING = YES;
				CLANG_WARN_BOOL_CONVERSION = YES;
				CLANG_WARN_COMMA = YES;
				CLANG_WARN_CONSTANT_CONVERSION = YES;
				CLANG_WARN_DEPRECATED_OBJC_IMPLEMENTATIONS = YES;
				CLANG_WARN_DIRECT_OBJC_ISA_USAGE = YES_ERROR;
				CLANG_WARN_DOCUMENTATION_COMMENTS = YES;
				CLANG_WARN_EMPTY_BODY = YES;
				CLANG_WARN_ENUM_CONVERSION = YES;
				CLANG_WARN_INFINITE_RECURSION = YES;
				CLANG_WARN_INT_CONVERSION = YES;
				CLANG_WARN_NON_LITERAL_NULL_CONVERSION = YES;
				CLANG_WARN_OBJC_IMPLICIT_RETAIN_SELF = YES;
				CLANG_WARN_OBJC_LITERAL_CONVERSION = YES;
				CLANG_WARN_OBJC_ROOT_CLASS = YES_ERROR;
				CLANG_WARN_QUOTED_INCLUDE_IN_FRAMEWORK_HEADER = YES;
				CLANG_WARN_RANGE_LOOP_ANALYSIS = YES;
				CLANG_WARN_STRICT_PROTOTYPES = YES;
				CLANG_WARN_SUSPICIOUS_MOVE = YES;
				CLANG_WARN_UNGUARDED_AVAILABILITY = YES_AGGRESSIVE;
				CLANG_WARN_UNREACHABLE_CODE = YES;
				CLANG_WARN__DUPLICATE_METHOD_MATCH = YES;
				COPY_PHASE_STRIP = NO;
				DEBUG_INFORMATION_FORMAT = "dwarf-with-dsym";
				ENABLE_NS_ASSERTIONS = NO;
				ENABLE_STRICT_OBJC_MSGSEND = YES;
				ENABLE_USER_SCRIPT_SANDBOXING = YES;
				GCC_C_LANGUAGE_STANDARD = gnu17;
				GCC_NO_COMMON_BLOCKS = YES;
				GCC_WARN_64_TO_32_BIT_CONVERSION = YES;
				GCC_WARN_ABOUT_RETURN_TYPE = YES_ERROR;
				GCC_WARN_UNDECLARED_SELECTOR = YES;
				GCC_WARN_UNINITIALIZED_AUTOS = YES_AGGRESSIVE;
				GCC_WARN_UNUSED_FUNCTION = YES;
				GCC_WARN_UNUSED_VARIABLE = YES;
				IPHONEOS_DEPLOYMENT_TARGET = 17.4;
				LOCALIZATION_PREFERS_STRING_CATALOGS = YES;
				MTL_ENABLE_DEBUG_INFO = NO;
				MTL_FAST_MATH = YES;
				SDKROOT = iphoneos;
				SWIFT_COMPILATION_MODE = wholemodule;
				VALIDATE_PRODUCT = YES;
			};
			name = Release;
		};
		BC6D84992BE7720F00C103E9 /* Debug */ = {
			isa = XCBuildConfiguration;
			buildSettings = {
				ASSETCATALOG_COMPILER_APPICON_NAME = AppIcon;
				ASSETCATALOG_COMPILER_GLOBAL_ACCENT_COLOR_NAME = AccentColor;
				CODE_SIGN_STYLE = Automatic;
				CURRENT_PROJECT_VERSION = 1;
				DEVELOPMENT_ASSET_PATHS = "\"Tokhand/Preview Content\"";
				DEVELOPMENT_TEAM = N8MX74Y447;
				ENABLE_PREVIEWS = YES;
				EXCLUDED_ARCHS = "";
				GENERATE_INFOPLIST_FILE = YES;
				INFOPLIST_KEY_UIApplicationSceneManifest_Generation = YES;
				INFOPLIST_KEY_UIApplicationSupportsIndirectInputEvents = YES;
				INFOPLIST_KEY_UILaunchScreen_Generation = YES;
				INFOPLIST_KEY_UIStatusBarStyle = UIStatusBarStyleLightContent;
				INFOPLIST_KEY_UISupportedInterfaceOrientations = UIInterfaceOrientationPortrait;
				INFOPLIST_KEY_UISupportedInterfaceOrientations_iPad = "UIInterfaceOrientationLandscapeLeft UIInterfaceOrientationLandscapeRight UIInterfaceOrientationPortrait UIInterfaceOrientationPortraitUpsideDown";
				IPHONEOS_DEPLOYMENT_TARGET = 17.4;
				LD_RUNPATH_SEARCH_PATHS = (
					"$(inherited)",
					"@executable_path/Frameworks",
				);
				MARKETING_VERSION = 1.0;
				PRODUCT_BUNDLE_IDENTIFIER = doyeon.Tokhand.com;
				PRODUCT_NAME = "$(TARGET_NAME)";
				SUPPORTED_PLATFORMS = "iphoneos iphonesimulator";
				SUPPORTS_MACCATALYST = NO;
				SUPPORTS_MAC_DESIGNED_FOR_IPHONE_IPAD = NO;
				SUPPORTS_XR_DESIGNED_FOR_IPHONE_IPAD = NO;
				SWIFT_EMIT_LOC_STRINGS = YES;
				SWIFT_VERSION = 5.0;
				TARGETED_DEVICE_FAMILY = 1;
			};
			name = Debug;
		};
		BC6D849A2BE7720F00C103E9 /* Release */ = {
			isa = XCBuildConfiguration;
			buildSettings = {
				ASSETCATALOG_COMPILER_APPICON_NAME = AppIcon;
				ASSETCATALOG_COMPILER_GLOBAL_ACCENT_COLOR_NAME = AccentColor;
				CODE_SIGN_STYLE = Automatic;
				CURRENT_PROJECT_VERSION = 1;
				DEVELOPMENT_ASSET_PATHS = "\"Tokhand/Preview Content\"";
				DEVELOPMENT_TEAM = N8MX74Y447;
				ENABLE_PREVIEWS = YES;
				EXCLUDED_ARCHS = "";
				GENERATE_INFOPLIST_FILE = YES;
				INFOPLIST_KEY_UIApplicationSceneManifest_Generation = YES;
				INFOPLIST_KEY_UIApplicationSupportsIndirectInputEvents = YES;
				INFOPLIST_KEY_UILaunchScreen_Generation = YES;
				INFOPLIST_KEY_UIStatusBarStyle = UIStatusBarStyleLightContent;
				INFOPLIST_KEY_UISupportedInterfaceOrientations = UIInterfaceOrientationPortrait;
				INFOPLIST_KEY_UISupportedInterfaceOrientations_iPad = "UIInterfaceOrientationLandscapeLeft UIInterfaceOrientationLandscapeRight UIInterfaceOrientationPortrait UIInterfaceOrientationPortraitUpsideDown";
				IPHONEOS_DEPLOYMENT_TARGET = 17.4;
				LD_RUNPATH_SEARCH_PATHS = (
					"$(inherited)",
					"@executable_path/Frameworks",
				);
				MARKETING_VERSION = 1.0;
				PRODUCT_BUNDLE_IDENTIFIER = doyeon.Tokhand.com;
				PRODUCT_NAME = "$(TARGET_NAME)";
				SUPPORTED_PLATFORMS = "iphoneos iphonesimulator";
				SUPPORTS_MACCATALYST = NO;
				SUPPORTS_MAC_DESIGNED_FOR_IPHONE_IPAD = NO;
				SUPPORTS_XR_DESIGNED_FOR_IPHONE_IPAD = NO;
				SWIFT_EMIT_LOC_STRINGS = YES;
				SWIFT_VERSION = 5.0;
				TARGETED_DEVICE_FAMILY = 1;
			};
			name = Release;
		};
/* End XCBuildConfiguration section */

/* Begin XCConfigurationList section */
		BC6D846D2BE7720D00C103E9 /* Build configuration list for PBXProject "Tokhand" */ = {
			isa = XCConfigurationList;
			buildConfigurations = (
				BC6D84962BE7720F00C103E9 /* Debug */,
				BC6D84972BE7720F00C103E9 /* Release */,
			);
			defaultConfigurationIsVisible = 0;
			defaultConfigurationName = Release;
		};
		BC6D84982BE7720F00C103E9 /* Build configuration list for PBXNativeTarget "Tokhand" */ = {
			isa = XCConfigurationList;
			buildConfigurations = (
				BC6D84992BE7720F00C103E9 /* Debug */,
				BC6D849A2BE7720F00C103E9 /* Release */,
			);
			defaultConfigurationIsVisible = 0;
			defaultConfigurationName = Release;
		};
/* End XCConfigurationList section */

/* Begin XCRemoteSwiftPackageReference section */
		BC6D84A32BE7769800C103E9 /* XCRemoteSwiftPackageReference "swift-composable-architecture" */ = {
			isa = XCRemoteSwiftPackageReference;
			repositoryURL = "https://github.com/pointfreeco/swift-composable-architecture.git";
			requirement = {
				kind = upToNextMajorVersion;
				minimumVersion = 1.10.2;
			};
		};
		BC83D0142BE893CD00B2DB6F /* XCRemoteSwiftPackageReference "StackCoordinator" */ = {
			isa = XCRemoteSwiftPackageReference;
			repositoryURL = "https://github.com/dodo849/StackCoordinator.git";
			requirement = {
				branch = main;
				kind = branch;
			};
		};
/* End XCRemoteSwiftPackageReference section */

/* Begin XCSwiftPackageProductDependency section */
		BC83D0152BE893CD00B2DB6F /* StackCoordinator */ = {
			isa = XCSwiftPackageProductDependency;
			package = BC83D0142BE893CD00B2DB6F /* XCRemoteSwiftPackageReference "StackCoordinator" */;
			productName = StackCoordinator;
		};
		BC84DBD22BE789DE00374D69 /* ComposableArchitecture */ = {
			isa = XCSwiftPackageProductDependency;
			package = BC6D84A32BE7769800C103E9 /* XCRemoteSwiftPackageReference "swift-composable-architecture" */;
			productName = ComposableArchitecture;
		};
/* End XCSwiftPackageProductDependency section */
	};
	rootObject = BC6D846A2BE7720D00C103E9 /* Project object */;
}
